
Microsoft Visual Studio Solution File, Format Version 12.00
# Visual Studio Version 17
VisualStudioVersion = 17.1.32228.430
MinimumVisualStudioVersion = 10.0.40219.1
Project("{FAE04EC0-301F-11D3-BF4B-00C04F79EFBC}") = "shoppingAPP_MVC", "shoppingAPP_MVC\shoppingAPP_MVC.csproj", "{70D05239-81A5-437C-9009-111E5A4442FF}"
EndProject
Global
	GlobalSection(SolutionConfigurationPlatforms) = preSolution
		Debug|Any CPU = Debug|Any CPU
		Release|Any CPU = Release|Any CPU
	EndGlobalSection
	GlobalSection(ProjectConfigurationPlatforms) = postSolution
		{70D05239-81A5-437C-9009-111E5A4442FF}.Debug|Any CPU.ActiveCfg = Debug|Any CPU
		{70D05239-81A5-437C-9009-111E5A4442FF}.Debug|Any CPU.Build.0 = Debug|Any CPU
		{70D05239-81A5-437C-9009-111E5A4442FF}.Release|Any CPU.ActiveCfg = Release|Any CPU
		{70D05239-81A5-437C-9009-111E5A4442FF}.Release|Any CPU.Build.0 = Release|Any CPU
	EndGlobalSection
	GlobalSection(SolutionProperties) = preSolution
		HideSolutionNode = FALSE
	EndGlobalSection
	GlobalSection(ExtensibilityGlobals) = postSolution
		SolutionGuid = {576B1706-EA7C-4317-9C0E-69CFC1EEBD8E}
	EndGlobalSection
EndGlobal
