
Microsoft Visual Studio Solution File, Format Version 12.00
# Visual Studio Version 17
VisualStudioVersion = 17.1.32414.318
MinimumVisualStudioVersion = 10.0.40219.1
Project("{FAE04EC0-301F-11D3-BF4B-00C04F79EFBC}") = "projectAPIForLoginDemo", "projectAPIForLoginDemo\projectAPIForLoginDemo.csproj", "{51434785-4625-4DA2-AB84-74771A40BA95}"
EndProject
Global
	GlobalSection(SolutionConfigurationPlatforms) = preSolution
		Debug|Any CPU = Debug|Any CPU
		Release|Any CPU = Release|Any CPU
	EndGlobalSection
	GlobalSection(ProjectConfigurationPlatforms) = postSolution
		{51434785-4625-4DA2-AB84-74771A40BA95}.Debug|Any CPU.ActiveCfg = Debug|Any CPU
		{51434785-4625-4DA2-AB84-74771A40BA95}.Debug|Any CPU.Build.0 = Debug|Any CPU
		{51434785-4625-4DA2-AB84-74771A40BA95}.Release|Any CPU.ActiveCfg = Release|Any CPU
		{51434785-4625-4DA2-AB84-74771A40BA95}.Release|Any CPU.Build.0 = Release|Any CPU
	EndGlobalSection
	GlobalSection(SolutionProperties) = preSolution
		HideSolutionNode = FALSE
	EndGlobalSection
	GlobalSection(ExtensibilityGlobals) = postSolution
		SolutionGuid = {6643726D-4C07-4C04-AE30-25F599DD537F}
	EndGlobalSection
EndGlobal
