
Microsoft Visual Studio Solution File, Format Version 12.00
# Visual Studio Version 17
VisualStudioVersion = 17.1.32414.318
MinimumVisualStudioVersion = 10.0.40219.1
Project("{FAE04EC0-301F-11D3-BF4B-00C04F79EFBC}") = "projectRestAPI", "projectRestAPI\projectRestAPI.csproj", "{B66A277D-63E4-4963-9E6B-B427CE2B7B54}"
EndProject
Global
	GlobalSection(SolutionConfigurationPlatforms) = preSolution
		Debug|Any CPU = Debug|Any CPU
		Release|Any CPU = Release|Any CPU
	EndGlobalSection
	GlobalSection(ProjectConfigurationPlatforms) = postSolution
		{B66A277D-63E4-4963-9E6B-B427CE2B7B54}.Debug|Any CPU.ActiveCfg = Debug|Any CPU
		{B66A277D-63E4-4963-9E6B-B427CE2B7B54}.Debug|Any CPU.Build.0 = Debug|Any CPU
		{B66A277D-63E4-4963-9E6B-B427CE2B7B54}.Release|Any CPU.ActiveCfg = Release|Any CPU
		{B66A277D-63E4-4963-9E6B-B427CE2B7B54}.Release|Any CPU.Build.0 = Release|Any CPU
	EndGlobalSection
	GlobalSection(SolutionProperties) = preSolution
		HideSolutionNode = FALSE
	EndGlobalSection
	GlobalSection(ExtensibilityGlobals) = postSolution
		SolutionGuid = {AB73D2CD-8746-44C0-8079-7E61B660B8C4}
	EndGlobalSection
EndGlobal
